
Microsoft Visual Studio Solution File, Format Version 12.00
# Visual Studio 15
VisualStudioVersion = 15.0.27004.2002
MinimumVisualStudioVersion = 10.0.40219.1
Project("{FAE04EC0-301F-11D3-BF4B-00C04F79EFBC}") = "tiny card", "tiny card\tiny card.csproj", "{B6381B67-1177-4D8D-B0B9-AF7EE96F558E}"
EndProject
Global
	GlobalSection(SolutionConfigurationPlatforms) = preSolution
		Debug|Any CPU = Debug|Any CPU
		Release|Any CPU = Release|Any CPU
	EndGlobalSection
	GlobalSection(ProjectConfigurationPlatforms) = postSolution
		{B6381B67-1177-4D8D-B0B9-AF7EE96F558E}.Debug|Any CPU.ActiveCfg = Debug|Any CPU
		{B6381B67-1177-4D8D-B0B9-AF7EE96F558E}.Debug|Any CPU.Build.0 = Debug|Any CPU
		{B6381B67-1177-4D8D-B0B9-AF7EE96F558E}.Release|Any CPU.ActiveCfg = Release|Any CPU
		{B6381B67-1177-4D8D-B0B9-AF7EE96F558E}.Release|Any CPU.Build.0 = Release|Any CPU
	EndGlobalSection
	GlobalSection(SolutionProperties) = preSolution
		HideSolutionNode = FALSE
	EndGlobalSection
	GlobalSection(ExtensibilityGlobals) = postSolution
		SolutionGuid = {A734D14E-D7EB-4484-B65D-1F1084CDE37C}
	EndGlobalSection
EndGlobal
